
Microsoft Visual Studio Solution File, Format Version 12.00
# Visual Studio Version 16
VisualStudioVersion = 16.0.32407.337
MinimumVisualStudioVersion = 10.0.40219.1
Project("{FAE04EC0-301F-11D3-BF4B-00C04F79EFBC}") = "punjab", "punjab.csproj", "{8341608B-C82F-46FA-913D-51A2CD9B8FE1}"
EndProject
Global
	GlobalSection(SolutionConfigurationPlatforms) = preSolution
		Debug|Any CPU = Debug|Any CPU
		Release|Any CPU = Release|Any CPU
	EndGlobalSection
	GlobalSection(ProjectConfigurationPlatforms) = postSolution
		{8341608B-C82F-46FA-913D-51A2CD9B8FE1}.Debug|Any CPU.ActiveCfg = Debug|Any CPU
		{8341608B-C82F-46FA-913D-51A2CD9B8FE1}.Debug|Any CPU.Build.0 = Debug|Any CPU
		{8341608B-C82F-46FA-913D-51A2CD9B8FE1}.Release|Any CPU.ActiveCfg = Release|Any CPU
		{8341608B-C82F-46FA-913D-51A2CD9B8FE1}.Release|Any CPU.Build.0 = Release|Any CPU
	EndGlobalSection
	GlobalSection(SolutionProperties) = preSolution
		HideSolutionNode = FALSE
	EndGlobalSection
	GlobalSection(ExtensibilityGlobals) = postSolution
		SolutionGuid = {FAB07C97-DF6D-446F-881C-2F6FEBE3414D}
	EndGlobalSection
EndGlobal
